{
  "nodes": {
    "inline-rust": {
      "inputs": {
        "language-rust": "language-rust",
        "nixpkgs": [
          "nixpkgs"
        ]
      },
      "locked": {
        "lastModified": 1740342643,
        "narHash": "sha256-SXPW/vzoidiYq73Cj92gNdxr0IQ+94o4Vp4MzFiuGog=",
        "owner": "ners",
        "repo": "inline-rust",
        "rev": "ae75275a61f8630c8f8aace0a4b60a9a13981e49",
        "type": "github"
      },
      "original": {
        "owner": "ners",
        "ref": "marshalable",
        "repo": "inline-rust",
        "type": "github"
      }
    },
    "language-rust": {
      "flake": false,
      "locked": {
        "lastModified": 1736519943,
        "narHash": "sha256-5b4PRIpNCaZiTL3M1DZsKtSJWz5PPmyMpHatB7zBe+M=",
        "owner": "GaloisInc",
        "repo": "language-rust",
        "rev": "f23c2b055217479bd3d1525dc9455d0f8bfcc394",
        "type": "github"
      },
      "original": {
        "owner": "GaloisInc",
        "repo": "language-rust",
        "type": "github"
      }
    },
    "nixpkgs": {
      "locked": {
        "lastModified": 1740126099,
        "narHash": "sha256-ozoOtE2hGsqh4XkTJFsrTkNxkRgShxpQxDynaPZUGxk=",
        "owner": "nixos",
        "repo": "nixpkgs",
        "rev": "32fb99ba93fea2798be0e997ea331dd78167f814",
        "type": "github"
      },
      "original": {
        "owner": "nixos",
        "ref": "nixos-unstable",
        "repo": "nixpkgs",
        "type": "github"
      }
    },
    "root": {
      "inputs": {
        "inline-rust": "inline-rust",
        "nixpkgs": "nixpkgs"
      }
    }
  },
  "root": "root",
  "version": 7
}
