{
  "nodes": {
    "inline-rust": {
      "inputs": {
        "language-rust": "language-rust",
        "nixpkgs": [
          "nixpkgs"
        ]
      },
      "locked": {
        "lastModified": 1731847748,
        "narHash": "sha256-CF5CKSRIUOkkIJvSX09l6t2NN4w+qKmnxG4c1YAwBNE=",
        "owner": "ners",
        "repo": "inline-rust",
        "rev": "5b0088d2e36942346b1ead5ffd4d762c2cd488b4",
        "type": "github"
      },
      "original": {
        "owner": "ners",
        "repo": "inline-rust",
        "type": "github"
      }
    },
    "language-rust": {
      "flake": false,
      "locked": {
        "lastModified": 1729283594,
        "narHash": "sha256-nVexe9Jrj0DtpjyPX+S2t/Op2iJyU1IRncW/BO8Ties=",
        "owner": "GaloisInc",
        "repo": "language-rust",
        "rev": "ae59c7355b2fbbe818c1fdd23894df6bfa0432e5",
        "type": "github"
      },
      "original": {
        "owner": "GaloisInc",
        "repo": "language-rust",
        "type": "github"
      }
    },
    "nixpkgs": {
      "locked": {
        "lastModified": 1731676054,
        "narHash": "sha256-OZiZ3m8SCMfh3B6bfGC/Bm4x3qc1m2SVEAlkV6iY7Yg=",
        "owner": "nixos",
        "repo": "nixpkgs",
        "rev": "5e4fbfb6b3de1aa2872b76d49fafc942626e2add",
        "type": "github"
      },
      "original": {
        "owner": "nixos",
        "ref": "nixos-unstable",
        "repo": "nixpkgs",
        "type": "github"
      }
    },
    "root": {
      "inputs": {
        "inline-rust": "inline-rust",
        "nixpkgs": "nixpkgs"
      }
    }
  },
  "root": "root",
  "version": 7
}
